// !$*UTF8*$!
{
	archiveVersion = 1;
	classes = {
	};
	objectVersion = 46;
	objects = {

/* Begin PBXBuildFile section */
		86030CEE1748EF6A00BF0D3D /* RecentPhotos.m in Sources */ = {isa = PBXBuildFile; fileRef = 86030CED1748EF6A00BF0D3D /* RecentPhotos.m */; };
		86030CF11748F3E600BF0D3D /* RecentPhotoViewController.m in Sources */ = {isa = PBXBuildFile; fileRef = 86030CF01748F3E600BF0D3D /* RecentPhotoViewController.m */; };
		86913FF517455311000B27E1 /* UIKit.framework in Frameworks */ = {isa = PBXBuildFile; fileRef = 86913FF417455311000B27E1 /* UIKit.framework */; };
		86913FF717455311000B27E1 /* Foundation.framework in Frameworks */ = {isa = PBXBuildFile; fileRef = 86913FF617455311000B27E1 /* Foundation.framework */; };
		86913FF917455311000B27E1 /* CoreGraphics.framework in Frameworks */ = {isa = PBXBuildFile; fileRef = 86913FF817455311000B27E1 /* CoreGraphics.framework */; };
		86913FFF17455311000B27E1 /* InfoPlist.strings in Resources */ = {isa = PBXBuildFile; fileRef = 86913FFD17455311000B27E1 /* InfoPlist.strings */; };
		8691400117455311000B27E1 /* main.m in Sources */ = {isa = PBXBuildFile; fileRef = 8691400017455311000B27E1 /* main.m */; };
		8691400517455311000B27E1 /* SPoTAppDelegate.m in Sources */ = {isa = PBXBuildFile; fileRef = 8691400417455311000B27E1 /* SPoTAppDelegate.m */; };
		8691400717455311000B27E1 /* Default.png in Resources */ = {isa = PBXBuildFile; fileRef = 8691400617455311000B27E1 /* Default.png */; };
		8691400917455311000B27E1 /* Default@2x.png in Resources */ = {isa = PBXBuildFile; fileRef = 8691400817455311000B27E1 /* Default@2x.png */; };
		8691400B17455311000B27E1 /* Default-568h@2x.png in Resources */ = {isa = PBXBuildFile; fileRef = 8691400A17455311000B27E1 /* Default-568h@2x.png */; };
		8691400E17455311000B27E1 /* iphone.storyboard in Resources */ = {isa = PBXBuildFile; fileRef = 8691400C17455311000B27E1 /* iphone.storyboard */; };
		8691401B17455346000B27E1 /* FlickrFetcher.m in Sources */ = {isa = PBXBuildFile; fileRef = 8691401A17455346000B27E1 /* FlickrFetcher.m */; };
		8691401E17455647000B27E1 /* FlickrPhotoTagsViewController.m in Sources */ = {isa = PBXBuildFile; fileRef = 8691401D17455647000B27E1 /* FlickrPhotoTagsViewController.m */; };
		8691402217455A04000B27E1 /* Photo.m in Sources */ = {isa = PBXBuildFile; fileRef = 8691402117455A04000B27E1 /* Photo.m */; };
		86AD343117479BD500FD38FB /* FlickrPhotoByTagViewController.m in Sources */ = {isa = PBXBuildFile; fileRef = 86AD343017479BD500FD38FB /* FlickrPhotoByTagViewController.m */; };
		86C994431747A66900652EEE /* ImageViewController.m in Sources */ = {isa = PBXBuildFile; fileRef = 86C994421747A66800652EEE /* ImageViewController.m */; };
/* End PBXBuildFile section */

/* Begin PBXFileReference section */
		86030CEC1748EF6A00BF0D3D /* RecentPhotos.h */ = {isa = PBXFileReference; fileEncoding = 4; lastKnownFileType = sourcecode.c.h; name = RecentPhotos.h; path = Model/RecentPhotos.h; sourceTree = "<group>"; };
		86030CED1748EF6A00BF0D3D /* RecentPhotos.m */ = {isa = PBXFileReference; fileEncoding = 4; lastKnownFileType = sourcecode.c.objc; name = RecentPhotos.m; path = Model/RecentPhotos.m; sourceTree = "<group>"; };
		86030CEF1748F3E600BF0D3D /* RecentPhotoViewController.h */ = {isa = PBXFileReference; fileEncoding = 4; lastKnownFileType = sourcecode.c.h; name = RecentPhotoViewController.h; path = Controller/RecentPhotoViewController.h; sourceTree = "<group>"; };
		86030CF01748F3E600BF0D3D /* RecentPhotoViewController.m */ = {isa = PBXFileReference; fileEncoding = 4; lastKnownFileType = sourcecode.c.objc; name = RecentPhotoViewController.m; path = Controller/RecentPhotoViewController.m; sourceTree = "<group>"; };
		86913FF117455311000B27E1 /* SPoT.app */ = {isa = PBXFileReference; explicitFileType = wrapper.application; includeInIndex = 0; path = SPoT.app; sourceTree = BUILT_PRODUCTS_DIR; };
		86913FF417455311000B27E1 /* UIKit.framework */ = {isa = PBXFileReference; lastKnownFileType = wrapper.framework; name = UIKit.framework; path = System/Library/Frameworks/UIKit.framework; sourceTree = SDKROOT; };
		86913FF617455311000B27E1 /* Foundation.framework */ = {isa = PBXFileReference; lastKnownFileType = wrapper.framework; name = Foundation.framework; path = System/Library/Frameworks/Foundation.framework; sourceTree = SDKROOT; };
		86913FF817455311000B27E1 /* CoreGraphics.framework */ = {isa = PBXFileReference; lastKnownFileType = wrapper.framework; name = CoreGraphics.framework; path = System/Library/Frameworks/CoreGraphics.framework; sourceTree = SDKROOT; };
		86913FFC17455311000B27E1 /* SPoT-Info.plist */ = {isa = PBXFileReference; lastKnownFileType = text.plist.xml; path = "SPoT-Info.plist"; sourceTree = "<group>"; };
		86913FFE17455311000B27E1 /* en */ = {isa = PBXFileReference; lastKnownFileType = text.plist.strings; name = en; path = en.lproj/InfoPlist.strings; sourceTree = "<group>"; };
		8691400017455311000B27E1 /* main.m */ = {isa = PBXFileReference; lastKnownFileType = sourcecode.c.objc; path = main.m; sourceTree = "<group>"; };
		8691400217455311000B27E1 /* SPoT-Prefix.pch */ = {isa = PBXFileReference; lastKnownFileType = sourcecode.c.h; path = "SPoT-Prefix.pch"; sourceTree = "<group>"; };
		8691400317455311000B27E1 /* SPoTAppDelegate.h */ = {isa = PBXFileReference; lastKnownFileType = sourcecode.c.h; path = SPoTAppDelegate.h; sourceTree = "<group>"; };
		8691400417455311000B27E1 /* SPoTAppDelegate.m */ = {isa = PBXFileReference; lastKnownFileType = sourcecode.c.objc; path = SPoTAppDelegate.m; sourceTree = "<group>"; };
		8691400617455311000B27E1 /* Default.png */ = {isa = PBXFileReference; lastKnownFileType = image.png; path = Default.png; sourceTree = "<group>"; };
		8691400817455311000B27E1 /* Default@2x.png */ = {isa = PBXFileReference; lastKnownFileType = image.png; path = "Default@2x.png"; sourceTree = "<group>"; };
		8691400A17455311000B27E1 /* Default-568h@2x.png */ = {isa = PBXFileReference; lastKnownFileType = image.png; path = "Default-568h@2x.png"; sourceTree = "<group>"; };
		8691400D17455311000B27E1 /* en */ = {isa = PBXFileReference; lastKnownFileType = file.storyboard; name = en; path = en.lproj/iphone.storyboard; sourceTree = "<group>"; };
		8691401817455346000B27E1 /* FlickrAPIKey.h */ = {isa = PBXFileReference; fileEncoding = 4; lastKnownFileType = sourcecode.c.h; path = FlickrAPIKey.h; sourceTree = "<group>"; };
		8691401917455346000B27E1 /* FlickrFetcher.h */ = {isa = PBXFileReference; fileEncoding = 4; lastKnownFileType = sourcecode.c.h; path = FlickrFetcher.h; sourceTree = "<group>"; };
		8691401A17455346000B27E1 /* FlickrFetcher.m */ = {isa = PBXFileReference; fileEncoding = 4; lastKnownFileType = sourcecode.c.objc; path = FlickrFetcher.m; sourceTree = "<group>"; };
		8691401C17455647000B27E1 /* FlickrPhotoTagsViewController.h */ = {isa = PBXFileReference; fileEncoding = 4; lastKnownFileType = sourcecode.c.h; name = FlickrPhotoTagsViewController.h; path = Controller/FlickrPhotoTagsViewController.h; sourceTree = "<group>"; };
		8691401D17455647000B27E1 /* FlickrPhotoTagsViewController.m */ = {isa = PBXFileReference; fileEncoding = 4; lastKnownFileType = sourcecode.c.objc; name = FlickrPhotoTagsViewController.m; path = Controller/FlickrPhotoTagsViewController.m; sourceTree = "<group>"; };
		8691402017455A04000B27E1 /* Photo.h */ = {isa = PBXFileReference; fileEncoding = 4; lastKnownFileType = sourcecode.c.h; name = Photo.h; path = Model/Photo.h; sourceTree = "<group>"; };
		8691402117455A04000B27E1 /* Photo.m */ = {isa = PBXFileReference; fileEncoding = 4; lastKnownFileType = sourcecode.c.objc; name = Photo.m; path = Model/Photo.m; sourceTree = "<group>"; };
		86AD342F17479BD500FD38FB /* FlickrPhotoByTagViewController.h */ = {isa = PBXFileReference; fileEncoding = 4; lastKnownFileType = sourcecode.c.h; name = FlickrPhotoByTagViewController.h; path = Controller/FlickrPhotoByTagViewController.h; sourceTree = "<group>"; };
		86AD343017479BD500FD38FB /* FlickrPhotoByTagViewController.m */ = {isa = PBXFileReference; fileEncoding = 4; lastKnownFileType = sourcecode.c.objc; name = FlickrPhotoByTagViewController.m; path = Controller/FlickrPhotoByTagViewController.m; sourceTree = "<group>"; };
		86C994411747A66800652EEE /* ImageViewController.h */ = {isa = PBXFileReference; fileEncoding = 4; lastKnownFileType = sourcecode.c.h; name = ImageViewController.h; path = Controller/ImageViewController.h; sourceTree = "<group>"; };
		86C994421747A66800652EEE /* ImageViewController.m */ = {isa = PBXFileReference; fileEncoding = 4; lastKnownFileType = sourcecode.c.objc; name = ImageViewController.m; path = Controller/ImageViewController.m; sourceTree = "<group>"; };
/* End PBXFileReference section */

/* Begin PBXFrameworksBuildPhase section */
		86913FEE17455311000B27E1 /* Frameworks */ = {
			isa = PBXFrameworksBuildPhase;
			buildActionMask = 2147483647;
			files = (
				86913FF517455311000B27E1 /* UIKit.framework in Frameworks */,
				86913FF717455311000B27E1 /* Foundation.framework in Frameworks */,
				86913FF917455311000B27E1 /* CoreGraphics.framework in Frameworks */,
			);
			runOnlyForDeploymentPostprocessing = 0;
		};
/* End PBXFrameworksBuildPhase section */

/* Begin PBXGroup section */
		86913FE817455311000B27E1 = {
			isa = PBXGroup;
			children = (
				86913FFA17455311000B27E1 /* SPoT */,
				86913FF317455311000B27E1 /* Frameworks */,
				86913FF217455311000B27E1 /* Products */,
			);
			sourceTree = "<group>";
		};
		86913FF217455311000B27E1 /* Products */ = {
			isa = PBXGroup;
			children = (
				86913FF117455311000B27E1 /* SPoT.app */,
			);
			name = Products;
			sourceTree = "<group>";
		};
		86913FF317455311000B27E1 /* Frameworks */ = {
			isa = PBXGroup;
			children = (
				86913FF417455311000B27E1 /* UIKit.framework */,
				86913FF617455311000B27E1 /* Foundation.framework */,
				86913FF817455311000B27E1 /* CoreGraphics.framework */,
			);
			name = Frameworks;
			sourceTree = "<group>";
		};
		86913FFA17455311000B27E1 /* SPoT */ = {
			isa = PBXGroup;
			children = (
				8691400C17455311000B27E1 /* iphone.storyboard */,
				8691401717455346000B27E1 /* FlickrFetcher */,
				8691401F1745564B000B27E1 /* Controller */,
				8691402317455A08000B27E1 /* Model */,
				86913FFB17455311000B27E1 /* Supporting Files */,
			);
			path = SPoT;
			sourceTree = "<group>";
		};
		86913FFB17455311000B27E1 /* Supporting Files */ = {
			isa = PBXGroup;
			children = (
				8691400317455311000B27E1 /* SPoTAppDelegate.h */,
				8691400417455311000B27E1 /* SPoTAppDelegate.m */,
				86913FFC17455311000B27E1 /* SPoT-Info.plist */,
				86913FFD17455311000B27E1 /* InfoPlist.strings */,
				8691400017455311000B27E1 /* main.m */,
				8691400217455311000B27E1 /* SPoT-Prefix.pch */,
				8691400617455311000B27E1 /* Default.png */,
				8691400817455311000B27E1 /* Default@2x.png */,
				8691400A17455311000B27E1 /* Default-568h@2x.png */,
			);
			name = "Supporting Files";
			sourceTree = "<group>";
		};
		8691401717455346000B27E1 /* FlickrFetcher */ = {
			isa = PBXGroup;
			children = (
				8691401817455346000B27E1 /* FlickrAPIKey.h */,
				8691401917455346000B27E1 /* FlickrFetcher.h */,
				8691401A17455346000B27E1 /* FlickrFetcher.m */,
			);
			path = FlickrFetcher;
			sourceTree = "<group>";
		};
		8691401F1745564B000B27E1 /* Controller */ = {
			isa = PBXGroup;
			children = (
				8691401C17455647000B27E1 /* FlickrPhotoTagsViewController.h */,
				8691401D17455647000B27E1 /* FlickrPhotoTagsViewController.m */,
				86AD342F17479BD500FD38FB /* FlickrPhotoByTagViewController.h */,
				86AD343017479BD500FD38FB /* FlickrPhotoByTagViewController.m */,
				86C994411747A66800652EEE /* ImageViewController.h */,
				86C994421747A66800652EEE /* ImageViewController.m */,
				86030CEF1748F3E600BF0D3D /* RecentPhotoViewController.h */,
				86030CF01748F3E600BF0D3D /* RecentPhotoViewController.m */,
			);
			name = Controller;
			sourceTree = "<group>";
		};
		8691402317455A08000B27E1 /* Model */ = {
			isa = PBXGroup;
			children = (
				8691402017455A04000B27E1 /* Photo.h */,
				8691402117455A04000B27E1 /* Photo.m */,
				86030CEC1748EF6A00BF0D3D /* RecentPhotos.h */,
				86030CED1748EF6A00BF0D3D /* RecentPhotos.m */,
			);
			name = Model;
			sourceTree = "<group>";
		};
/* End PBXGroup section */

/* Begin PBXNativeTarget section */
		86913FF017455311000B27E1 /* SPoT */ = {
			isa = PBXNativeTarget;
			buildConfigurationList = 8691401417455311000B27E1 /* Build configuration list for PBXNativeTarget "SPoT" */;
			buildPhases = (
				86913FED17455311000B27E1 /* Sources */,
				86913FEE17455311000B27E1 /* Frameworks */,
				86913FEF17455311000B27E1 /* Resources */,
			);
			buildRules = (
			);
			dependencies = (
			);
			name = SPoT;
			productName = SPoT;
			productReference = 86913FF117455311000B27E1 /* SPoT.app */;
			productType = "com.apple.product-type.application";
		};
/* End PBXNativeTarget section */

/* Begin PBXProject section */
		86913FE917455311000B27E1 /* Project object */ = {
			isa = PBXProject;
			attributes = {
				CLASSPREFIX = SPoT;
				LastUpgradeCheck = 0460;
				ORGANIZATIONNAME = "David Muñoz Fernández";
			};
			buildConfigurationList = 86913FEC17455311000B27E1 /* Build configuration list for PBXProject "SPoT" */;
			compatibilityVersion = "Xcode 3.2";
			developmentRegion = English;
			hasScannedForEncodings = 0;
			knownRegions = (
				en,
			);
			mainGroup = 86913FE817455311000B27E1;
			productRefGroup = 86913FF217455311000B27E1 /* Products */;
			projectDirPath = "";
			projectRoot = "";
			targets = (
				86913FF017455311000B27E1 /* SPoT */,
			);
		};
/* End PBXProject section */

/* Begin PBXResourcesBuildPhase section */
		86913FEF17455311000B27E1 /* Resources */ = {
			isa = PBXResourcesBuildPhase;
			buildActionMask = 2147483647;
			files = (
				86913FFF17455311000B27E1 /* InfoPlist.strings in Resources */,
				8691400717455311000B27E1 /* Default.png in Resources */,
				8691400917455311000B27E1 /* Default@2x.png in Resources */,
				8691400B17455311000B27E1 /* Default-568h@2x.png in Resources */,
				8691400E17455311000B27E1 /* iphone.storyboard in Resources */,
			);
			runOnlyForDeploymentPostprocessing = 0;
		};
/* End PBXResourcesBuildPhase section */

/* Begin PBXSourcesBuildPhase section */
		86913FED17455311000B27E1 /* Sources */ = {
			isa = PBXSourcesBuildPhase;
			buildActionMask = 2147483647;
			files = (
				8691400117455311000B27E1 /* main.m in Sources */,
				8691400517455311000B27E1 /* SPoTAppDelegate.m in Sources */,
				8691401B17455346000B27E1 /* FlickrFetcher.m in Sources */,
				8691401E17455647000B27E1 /* FlickrPhotoTagsViewController.m in Sources */,
				8691402217455A04000B27E1 /* Photo.m in Sources */,
				86AD343117479BD500FD38FB /* FlickrPhotoByTagViewController.m in Sources */,
				86C994431747A66900652EEE /* ImageViewController.m in Sources */,
				86030CEE1748EF6A00BF0D3D /* RecentPhotos.m in Sources */,
				86030CF11748F3E600BF0D3D /* RecentPhotoViewController.m in Sources */,
			);
			runOnlyForDeploymentPostprocessing = 0;
		};
/* End PBXSourcesBuildPhase section */

/* Begin PBXVariantGroup section */
		86913FFD17455311000B27E1 /* InfoPlist.strings */ = {
			isa = PBXVariantGroup;
			children = (
				86913FFE17455311000B27E1 /* en */,
			);
			name = InfoPlist.strings;
			sourceTree = "<group>";
		};
		8691400C17455311000B27E1 /* iphone.storyboard */ = {
			isa = PBXVariantGroup;
			children = (
				8691400D17455311000B27E1 /* en */,
			);
			name = iphone.storyboard;
			sourceTree = "<group>";
		};
/* End PBXVariantGroup section */

/* Begin XCBuildConfiguration section */
		8691401217455311000B27E1 /* Debug */ = {
			isa = XCBuildConfiguration;
			buildSettings = {
				ALWAYS_SEARCH_USER_PATHS = NO;
				CLANG_CXX_LANGUAGE_STANDARD = "gnu++0x";
				CLANG_CXX_LIBRARY = "libc++";
				CLANG_ENABLE_OBJC_ARC = YES;
				CLANG_WARN_CONSTANT_CONVERSION = YES;
				CLANG_WARN_EMPTY_BODY = YES;
				CLANG_WARN_ENUM_CONVERSION = YES;
				CLANG_WARN_INT_CONVERSION = YES;
				CLANG_WARN__DUPLICATE_METHOD_MATCH = YES;
				"CODE_SIGN_IDENTITY[sdk=iphoneos*]" = "iPhone Developer";
				COPY_PHASE_STRIP = NO;
				GCC_C_LANGUAGE_STANDARD = gnu99;
				GCC_DYNAMIC_NO_PIC = NO;
				GCC_OPTIMIZATION_LEVEL = 0;
				GCC_PREPROCESSOR_DEFINITIONS = (
					"DEBUG=1",
					"$(inherited)",
				);
				GCC_SYMBOLS_PRIVATE_EXTERN = NO;
				GCC_WARN_ABOUT_RETURN_TYPE = YES;
				GCC_WARN_UNINITIALIZED_AUTOS = YES;
				GCC_WARN_UNUSED_VARIABLE = YES;
				IPHONEOS_DEPLOYMENT_TARGET = 6.1;
				ONLY_ACTIVE_ARCH = YES;
				SDKROOT = iphoneos;
			};
			name = Debug;
		};
		8691401317455311000B27E1 /* Release */ = {
			isa = XCBuildConfiguration;
			buildSettings = {
				ALWAYS_SEARCH_USER_PATHS = NO;
				CLANG_CXX_LANGUAGE_STANDARD = "gnu++0x";
				CLANG_CXX_LIBRARY = "libc++";
				CLANG_ENABLE_OBJC_ARC = YES;
				CLANG_WARN_CONSTANT_CONVERSION = YES;
				CLANG_WARN_EMPTY_BODY = YES;
				CLANG_WARN_ENUM_CONVERSION = YES;
				CLANG_WARN_INT_CONVERSION = YES;
				CLANG_WARN__DUPLICATE_METHOD_MATCH = YES;
				"CODE_SIGN_IDENTITY[sdk=iphoneos*]" = "iPhone Developer";
				COPY_PHASE_STRIP = YES;
				GCC_C_LANGUAGE_STANDARD = gnu99;
				GCC_WARN_ABOUT_RETURN_TYPE = YES;
				GCC_WARN_UNINITIALIZED_AUTOS = YES;
				GCC_WARN_UNUSED_VARIABLE = YES;
				IPHONEOS_DEPLOYMENT_TARGET = 6.1;
				OTHER_CFLAGS = "-DNS_BLOCK_ASSERTIONS=1";
				SDKROOT = iphoneos;
				VALIDATE_PRODUCT = YES;
			};
			name = Release;
		};
		8691401517455311000B27E1 /* Debug */ = {
			isa = XCBuildConfiguration;
			buildSettings = {
				GCC_PRECOMPILE_PREFIX_HEADER = YES;
				GCC_PREFIX_HEADER = "SPoT/SPoT-Prefix.pch";
				INFOPLIST_FILE = "SPoT/SPoT-Info.plist";
				PRODUCT_NAME = "$(TARGET_NAME)";
				WRAPPER_EXTENSION = app;
			};
			name = Debug;
		};
		8691401617455311000B27E1 /* Release */ = {
			isa = XCBuildConfiguration;
			buildSettings = {
				GCC_PRECOMPILE_PREFIX_HEADER = YES;
				GCC_PREFIX_HEADER = "SPoT/SPoT-Prefix.pch";
				INFOPLIST_FILE = "SPoT/SPoT-Info.plist";
				PRODUCT_NAME = "$(TARGET_NAME)";
				WRAPPER_EXTENSION = app;
			};
			name = Release;
		};
/* End XCBuildConfiguration section */

/* Begin XCConfigurationList section */
		86913FEC17455311000B27E1 /* Build configuration list for PBXProject "SPoT" */ = {
			isa = XCConfigurationList;
			buildConfigurations = (
				8691401217455311000B27E1 /* Debug */,
				8691401317455311000B27E1 /* Release */,
			);
			defaultConfigurationIsVisible = 0;
			defaultConfigurationName = Release;
		};
		8691401417455311000B27E1 /* Build configuration list for PBXNativeTarget "SPoT" */ = {
			isa = XCConfigurationList;
			buildConfigurations = (
				8691401517455311000B27E1 /* Debug */,
				8691401617455311000B27E1 /* Release */,
			);
			defaultConfigurationIsVisible = 0;
			defaultConfigurationName = Release;
		};
/* End XCConfigurationList section */
	};
	rootObject = 86913FE917455311000B27E1 /* Project object */;
}
